
Microsoft Visual Studio Solution File, Format Version 12.00
# Visual Studio Version 17
VisualStudioVersion = 17.9.34714.143
MinimumVisualStudioVersion = 10.0.40219.1
Project("{8BC9CEB8-8B4A-11D0-8D11-00A0C91BC942}") = "C++", "C++.vcxproj", "{D58DB9F3-B9E5-4CA0-9AA3-FD2936286477}"
EndProject
Project("{8BC9CEB8-8B4A-11D0-8D11-00A0C91BC942}") = "CodeForces", "CodeForces\CodeForces.vcxproj", "{6D069BA0-B384-460D-8FEF-76A36CA26DA8}"
EndProject
Global
	GlobalSection(SolutionConfigurationPlatforms) = preSolution
		Debug|x64 = Debug|x64
		Debug|x86 = Debug|x86
		Release|x64 = Release|x64
		Release|x86 = Release|x86
	EndGlobalSection
	GlobalSection(ProjectConfigurationPlatforms) = postSolution
		{D58DB9F3-B9E5-4CA0-9AA3-FD2936286477}.Debug|x64.ActiveCfg = Debug|x64
		{D58DB9F3-B9E5-4CA0-9AA3-FD2936286477}.Debug|x64.Build.0 = Debug|x64
		{D58DB9F3-B9E5-4CA0-9AA3-FD2936286477}.Debug|x86.ActiveCfg = Debug|Win32
		{D58DB9F3-B9E5-4CA0-9AA3-FD2936286477}.Debug|x86.Build.0 = Debug|Win32
		{D58DB9F3-B9E5-4CA0-9AA3-FD2936286477}.Release|x64.ActiveCfg = Release|x64
		{D58DB9F3-B9E5-4CA0-9AA3-FD2936286477}.Release|x64.Build.0 = Release|x64
		{D58DB9F3-B9E5-4CA0-9AA3-FD2936286477}.Release|x86.ActiveCfg = Release|Win32
		{D58DB9F3-B9E5-4CA0-9AA3-FD2936286477}.Release|x86.Build.0 = Release|Win32
		{6D069BA0-B384-460D-8FEF-76A36CA26DA8}.Debug|x64.ActiveCfg = Debug|x64
		{6D069BA0-B384-460D-8FEF-76A36CA26DA8}.Debug|x64.Build.0 = Debug|x64
		{6D069BA0-B384-460D-8FEF-76A36CA26DA8}.Debug|x86.ActiveCfg = Debug|Win32
		{6D069BA0-B384-460D-8FEF-76A36CA26DA8}.Debug|x86.Build.0 = Debug|Win32
		{6D069BA0-B384-460D-8FEF-76A36CA26DA8}.Release|x64.ActiveCfg = Release|x64
		{6D069BA0-B384-460D-8FEF-76A36CA26DA8}.Release|x64.Build.0 = Release|x64
		{6D069BA0-B384-460D-8FEF-76A36CA26DA8}.Release|x86.ActiveCfg = Release|Win32
		{6D069BA0-B384-460D-8FEF-76A36CA26DA8}.Release|x86.Build.0 = Release|Win32
	EndGlobalSection
	GlobalSection(SolutionProperties) = preSolution
		HideSolutionNode = FALSE
	EndGlobalSection
	GlobalSection(ExtensibilityGlobals) = postSolution
		SolutionGuid = {B932657B-68C2-4156-AB19-EDB5E5895119}
	EndGlobalSection
EndGlobal
